
Microsoft Visual Studio Solution File, Format Version 12.00
# Visual Studio Version 17
VisualStudioVersion = 17.0.31903.59
MinimumVisualStudioVersion = 10.0.40219.1
Project("{2150E333-8FDC-42A3-9474-1A3956D46DE8}") = "src", "src", "{7F27ECC2-12BF-4CD5-A202-88B38E70A6B4}"
EndProject
Project("{FAE04EC0-301F-11D3-BF4B-00C04F79EFBC}") = "ApiKeyAuthApp", "src\ApiKeyAuthApp\ApiKeyAuthApp.csproj", "{524A4C47-B590-4696-A739-D2B01CED2526}"
EndProject
Project("{FAE04EC0-301F-11D3-BF4B-00C04F79EFBC}") = "BasicAuthApp", "src\BasicAuthApp\BasicAuthApp.csproj", "{A2265B30-B4A7-4C78-98C8-A35C199448E0}"
EndProject
Global
	GlobalSection(SolutionConfigurationPlatforms) = preSolution
		Debug|Any CPU = Debug|Any CPU
		Release|Any CPU = Release|Any CPU
	EndGlobalSection
	GlobalSection(SolutionProperties) = preSolution
		HideSolutionNode = FALSE
	EndGlobalSection
	GlobalSection(ProjectConfigurationPlatforms) = postSolution
		{524A4C47-B590-4696-A739-D2B01CED2526}.Debug|Any CPU.ActiveCfg = Debug|Any CPU
		{524A4C47-B590-4696-A739-D2B01CED2526}.Debug|Any CPU.Build.0 = Debug|Any CPU
		{524A4C47-B590-4696-A739-D2B01CED2526}.Release|Any CPU.ActiveCfg = Release|Any CPU
		{524A4C47-B590-4696-A739-D2B01CED2526}.Release|Any CPU.Build.0 = Release|Any CPU
		{A2265B30-B4A7-4C78-98C8-A35C199448E0}.Debug|Any CPU.ActiveCfg = Debug|Any CPU
		{A2265B30-B4A7-4C78-98C8-A35C199448E0}.Debug|Any CPU.Build.0 = Debug|Any CPU
		{A2265B30-B4A7-4C78-98C8-A35C199448E0}.Release|Any CPU.ActiveCfg = Release|Any CPU
		{A2265B30-B4A7-4C78-98C8-A35C199448E0}.Release|Any CPU.Build.0 = Release|Any CPU
	EndGlobalSection
	GlobalSection(NestedProjects) = preSolution
		{524A4C47-B590-4696-A739-D2B01CED2526} = {7F27ECC2-12BF-4CD5-A202-88B38E70A6B4}
		{A2265B30-B4A7-4C78-98C8-A35C199448E0} = {7F27ECC2-12BF-4CD5-A202-88B38E70A6B4}
	EndGlobalSection
EndGlobal
